
Microsoft Visual Studio Solution File, Format Version 12.00
Project("{FAE04EC0-301F-11D3-BF4B-00C04F79EFBC}") = "WebApplication2", "WebApplication2\WebApplication2.csproj", "{34804F04-48B0-436F-AD52-9633E2C7852C}"
EndProject
Global
	GlobalSection(SolutionConfigurationPlatforms) = preSolution
		Debug|Any CPU = Debug|Any CPU
		Release|Any CPU = Release|Any CPU
	EndGlobalSection
	GlobalSection(ProjectConfigurationPlatforms) = postSolution
		{34804F04-48B0-436F-AD52-9633E2C7852C}.Debug|Any CPU.ActiveCfg = Debug|Any CPU
		{34804F04-48B0-436F-AD52-9633E2C7852C}.Debug|Any CPU.Build.0 = Debug|Any CPU
		{34804F04-48B0-436F-AD52-9633E2C7852C}.Release|Any CPU.ActiveCfg = Release|Any CPU
		{34804F04-48B0-436F-AD52-9633E2C7852C}.Release|Any CPU.Build.0 = Release|Any CPU
	EndGlobalSection
EndGlobal
